<Solution>
  <Project Path="DsmrHub/DsmrHub.csproj" />
  <Project Path="DsmrHub.Application/DsmrHub.Application.csproj" />
  <Project Path="DsmrHub.Domain/DsmrHub.Domain.csproj" />
  <Project Path="DsmrHub.Infrastructure/DsmrHub.Infrastructure.csproj" />
  <Project Path="DsmrHub.Tests/DsmrHub.Tests.csproj" />
</Solution>
